
Microsoft Visual Studio Solution File, Format Version 12.00
# Visual Studio Version 16
VisualStudioVersion = 16.0.31729.503
MinimumVisualStudioVersion = 10.0.40219.1
Project("{FAE04EC0-301F-11D3-BF4B-00C04F79EFBC}") = "SlayerCalculator", "SlayerCalculator\SlayerCalculator.csproj", "{0B66EC64-7808-4AAA-85EC-DAC4E66E98C6}"
EndProject
Global
	GlobalSection(SolutionConfigurationPlatforms) = preSolution
		Debug|Any CPU = Debug|Any CPU
		Release|Any CPU = Release|Any CPU
	EndGlobalSection
	GlobalSection(ProjectConfigurationPlatforms) = postSolution
		{0B66EC64-7808-4AAA-85EC-DAC4E66E98C6}.Debug|Any CPU.ActiveCfg = Debug|Any CPU
		{0B66EC64-7808-4AAA-85EC-DAC4E66E98C6}.Debug|Any CPU.Build.0 = Debug|Any CPU
		{0B66EC64-7808-4AAA-85EC-DAC4E66E98C6}.Release|Any CPU.ActiveCfg = Release|Any CPU
		{0B66EC64-7808-4AAA-85EC-DAC4E66E98C6}.Release|Any CPU.Build.0 = Release|Any CPU
	EndGlobalSection
	GlobalSection(SolutionProperties) = preSolution
		HideSolutionNode = FALSE
	EndGlobalSection
	GlobalSection(ExtensibilityGlobals) = postSolution
		SolutionGuid = {B27D29DD-5B38-4D4D-92E0-47C8B79BD626}
	EndGlobalSection
EndGlobal
